
Microsoft Visual Studio Solution File, Format Version 12.00
# Visual Studio 15
Project("{FAE04EC0-301F-11D3-BF4B-00C04F79EFBC}") = "Assembly-CSharp", "Assembly-CSharp.csproj", "{E55A6431-71B1-2F21-9742-78F0054B27C2}"
EndProject
Project("{FAE04EC0-301F-11D3-BF4B-00C04F79EFBC}") = "Assembly-CSharp-Editor", "Assembly-CSharp-Editor.csproj", "{15A8E0F4-456D-C8AB-8046-F1354F892DB4}"
EndProject
Global
	GlobalSection(SolutionConfigurationPlatforms) = preSolution
		Debug|Any CPU = Debug|Any CPU
		Release|Any CPU = Release|Any CPU
	EndGlobalSection
	GlobalSection(ProjectConfigurationPlatforms) = postSolution
		{E55A6431-71B1-2F21-9742-78F0054B27C2}.Debug|Any CPU.ActiveCfg = Debug|Any CPU
		{E55A6431-71B1-2F21-9742-78F0054B27C2}.Debug|Any CPU.Build.0 = Debug|Any CPU
		{E55A6431-71B1-2F21-9742-78F0054B27C2}.Release|Any CPU.ActiveCfg = Release|Any CPU
		{E55A6431-71B1-2F21-9742-78F0054B27C2}.Release|Any CPU.Build.0 = Release|Any CPU
		{15A8E0F4-456D-C8AB-8046-F1354F892DB4}.Debug|Any CPU.ActiveCfg = Debug|Any CPU
		{15A8E0F4-456D-C8AB-8046-F1354F892DB4}.Debug|Any CPU.Build.0 = Debug|Any CPU
		{15A8E0F4-456D-C8AB-8046-F1354F892DB4}.Release|Any CPU.ActiveCfg = Release|Any CPU
		{15A8E0F4-456D-C8AB-8046-F1354F892DB4}.Release|Any CPU.Build.0 = Release|Any CPU
	EndGlobalSection
	GlobalSection(SolutionProperties) = preSolution
		HideSolutionNode = FALSE
	EndGlobalSection
EndGlobal
